
Microsoft Visual Studio Solution File, Format Version 12.00
# Visual Studio 15
VisualStudioVersion = 15.0.28307.852
MinimumVisualStudioVersion = 10.0.40219.1
Project("{2150E333-8FDC-42A3-9474-1A3956D46DE8}") = "Sample", "Sample", "{85BC0526-6AC5-4BB6-988B-478F2A4F70EF}"
EndProject
Project("{2150E333-8FDC-42A3-9474-1A3956D46DE8}") = "Work", "Work", "{9B0581F1-0990-4662-AC12-66D66FACA96C}"
EndProject
Project("{2150E333-8FDC-42A3-9474-1A3956D46DE8}") = "Week1", "Week1", "{125BE3DF-A329-4E41-A9F0-2BD420066784}"
EndProject
Project("{2150E333-8FDC-42A3-9474-1A3956D46DE8}") = "Week2", "Week2", "{A676FF7C-5E21-4881-814F-0640CDD14D53}"
EndProject
Project("{2150E333-8FDC-42A3-9474-1A3956D46DE8}") = "Week3", "Week3", "{31408F42-289E-4F9D-9B31-959D668C7BD7}"
EndProject
Project("{FAE04EC0-301F-11D3-BF4B-00C04F79EFBC}") = "SistemaDefensa.Domain", "SistemaDefensa.Domain\SistemaDefensa.Domain.csproj", "{5ECF9EC4-054B-4840-823B-58BEB10E9D37}"
EndProject
Project("{FAE04EC0-301F-11D3-BF4B-00C04F79EFBC}") = "SistemaDefensa.Client", "SistemaDefensa.Client\SistemaDefensa.Client.csproj", "{F2705C94-4CA0-4F80-A794-34CE246D357D}"
EndProject
Project("{FAE04EC0-301F-11D3-BF4B-00C04F79EFBC}") = "SistemaDefensa.Tests", "SistemaDefensa.Tests\SistemaDefensa.Tests.csproj", "{BDF031B3-BE18-4258-9BC2-3CD8E66A6627}"
EndProject
Project("{FAE04EC0-301F-11D3-BF4B-00C04F79EFBC}") = "ControlPlagas.Core", "ControlPlagas.Core\ControlPlagas.Core.csproj", "{B9BCBB75-6123-4103-A448-983781D7842E}"
EndProject
Project("{9A19103F-16F7-4668-BE54-9A1E7A4F7556}") = "ControlPlagas.Core.Tests", "ControlPlagas.Core.Tests\ControlPlagas.Core.Tests.csproj", "{9C4958CE-6321-4226-8059-6575CE9E3A97}"
EndProject
Project("{2150E333-8FDC-42A3-9474-1A3956D46DE8}") = "Libraries", "Libraries", "{08ABE52F-E783-4B9A-A534-35A7444AE30C}"
EndProject
Project("{2150E333-8FDC-42A3-9474-1A3956D46DE8}") = "Presentation", "Presentation", "{5964F942-12CC-467E-A7A5-123E9C1DC60D}"
EndProject
Project("{2150E333-8FDC-42A3-9474-1A3956D46DE8}") = "Tests", "Tests", "{8208C259-15CD-4C48-ACEB-71016812BA08}"
EndProject
Project("{FAE04EC0-301F-11D3-BF4B-00C04F79EFBC}") = "ControlPlagas.Console", "ControlPlagas.Console\ControlPlagas.Console.csproj", "{39B3C551-F861-443C-B299-459E7DCEF54E}"
EndProject
Project("{FAE04EC0-301F-11D3-BF4B-00C04F79EFBC}") = "ControlPlagas.Services", "ControlPlagas.Services\ControlPlagas.Services.csproj", "{FF272685-EE77-4F38-8B82-A7E15A3949F5}"
EndProject
Project("{FAE04EC0-301F-11D3-BF4B-00C04F79EFBC}") = "ControlPlagas.Data", "ControlPlagas.Data\ControlPlagas.Data.csproj", "{722393C1-5ECA-41B6-8C42-3C76BCCA7DF2}"
EndProject
Project("{9A19103F-16F7-4668-BE54-9A1E7A4F7556}") = "ControlPlagas.Services.Tests", "ControlPlagas.Services.Tests\ControlPlagas.Services.Tests.csproj", "{A44F6583-AC17-451A-82B5-77AA8FE8FF49}"
EndProject
Global
	GlobalSection(SolutionConfigurationPlatforms) = preSolution
		Debug|Any CPU = Debug|Any CPU
		Release|Any CPU = Release|Any CPU
	EndGlobalSection
	GlobalSection(ProjectConfigurationPlatforms) = postSolution
		{5ECF9EC4-054B-4840-823B-58BEB10E9D37}.Debug|Any CPU.ActiveCfg = Debug|Any CPU
		{5ECF9EC4-054B-4840-823B-58BEB10E9D37}.Debug|Any CPU.Build.0 = Debug|Any CPU
		{5ECF9EC4-054B-4840-823B-58BEB10E9D37}.Release|Any CPU.ActiveCfg = Release|Any CPU
		{5ECF9EC4-054B-4840-823B-58BEB10E9D37}.Release|Any CPU.Build.0 = Release|Any CPU
		{F2705C94-4CA0-4F80-A794-34CE246D357D}.Debug|Any CPU.ActiveCfg = Debug|Any CPU
		{F2705C94-4CA0-4F80-A794-34CE246D357D}.Debug|Any CPU.Build.0 = Debug|Any CPU
		{F2705C94-4CA0-4F80-A794-34CE246D357D}.Release|Any CPU.ActiveCfg = Release|Any CPU
		{F2705C94-4CA0-4F80-A794-34CE246D357D}.Release|Any CPU.Build.0 = Release|Any CPU
		{BDF031B3-BE18-4258-9BC2-3CD8E66A6627}.Debug|Any CPU.ActiveCfg = Debug|Any CPU
		{BDF031B3-BE18-4258-9BC2-3CD8E66A6627}.Debug|Any CPU.Build.0 = Debug|Any CPU
		{BDF031B3-BE18-4258-9BC2-3CD8E66A6627}.Release|Any CPU.ActiveCfg = Release|Any CPU
		{BDF031B3-BE18-4258-9BC2-3CD8E66A6627}.Release|Any CPU.Build.0 = Release|Any CPU
		{B9BCBB75-6123-4103-A448-983781D7842E}.Debug|Any CPU.ActiveCfg = Debug|Any CPU
		{B9BCBB75-6123-4103-A448-983781D7842E}.Debug|Any CPU.Build.0 = Debug|Any CPU
		{B9BCBB75-6123-4103-A448-983781D7842E}.Release|Any CPU.ActiveCfg = Release|Any CPU
		{B9BCBB75-6123-4103-A448-983781D7842E}.Release|Any CPU.Build.0 = Release|Any CPU
		{9C4958CE-6321-4226-8059-6575CE9E3A97}.Debug|Any CPU.ActiveCfg = Debug|Any CPU
		{9C4958CE-6321-4226-8059-6575CE9E3A97}.Debug|Any CPU.Build.0 = Debug|Any CPU
		{9C4958CE-6321-4226-8059-6575CE9E3A97}.Release|Any CPU.ActiveCfg = Release|Any CPU
		{9C4958CE-6321-4226-8059-6575CE9E3A97}.Release|Any CPU.Build.0 = Release|Any CPU
		{39B3C551-F861-443C-B299-459E7DCEF54E}.Debug|Any CPU.ActiveCfg = Debug|Any CPU
		{39B3C551-F861-443C-B299-459E7DCEF54E}.Debug|Any CPU.Build.0 = Debug|Any CPU
		{39B3C551-F861-443C-B299-459E7DCEF54E}.Release|Any CPU.ActiveCfg = Release|Any CPU
		{39B3C551-F861-443C-B299-459E7DCEF54E}.Release|Any CPU.Build.0 = Release|Any CPU
		{FF272685-EE77-4F38-8B82-A7E15A3949F5}.Debug|Any CPU.ActiveCfg = Debug|Any CPU
		{FF272685-EE77-4F38-8B82-A7E15A3949F5}.Debug|Any CPU.Build.0 = Debug|Any CPU
		{FF272685-EE77-4F38-8B82-A7E15A3949F5}.Release|Any CPU.ActiveCfg = Release|Any CPU
		{FF272685-EE77-4F38-8B82-A7E15A3949F5}.Release|Any CPU.Build.0 = Release|Any CPU
		{722393C1-5ECA-41B6-8C42-3C76BCCA7DF2}.Debug|Any CPU.ActiveCfg = Debug|Any CPU
		{722393C1-5ECA-41B6-8C42-3C76BCCA7DF2}.Debug|Any CPU.Build.0 = Debug|Any CPU
		{722393C1-5ECA-41B6-8C42-3C76BCCA7DF2}.Release|Any CPU.ActiveCfg = Release|Any CPU
		{722393C1-5ECA-41B6-8C42-3C76BCCA7DF2}.Release|Any CPU.Build.0 = Release|Any CPU
		{A44F6583-AC17-451A-82B5-77AA8FE8FF49}.Debug|Any CPU.ActiveCfg = Debug|Any CPU
		{A44F6583-AC17-451A-82B5-77AA8FE8FF49}.Debug|Any CPU.Build.0 = Debug|Any CPU
		{A44F6583-AC17-451A-82B5-77AA8FE8FF49}.Release|Any CPU.ActiveCfg = Release|Any CPU
		{A44F6583-AC17-451A-82B5-77AA8FE8FF49}.Release|Any CPU.Build.0 = Release|Any CPU
	EndGlobalSection
	GlobalSection(SolutionProperties) = preSolution
		HideSolutionNode = FALSE
	EndGlobalSection
	GlobalSection(NestedProjects) = preSolution
		{125BE3DF-A329-4E41-A9F0-2BD420066784} = {9B0581F1-0990-4662-AC12-66D66FACA96C}
		{A676FF7C-5E21-4881-814F-0640CDD14D53} = {9B0581F1-0990-4662-AC12-66D66FACA96C}
		{31408F42-289E-4F9D-9B31-959D668C7BD7} = {9B0581F1-0990-4662-AC12-66D66FACA96C}
		{5ECF9EC4-054B-4840-823B-58BEB10E9D37} = {125BE3DF-A329-4E41-A9F0-2BD420066784}
		{F2705C94-4CA0-4F80-A794-34CE246D357D} = {125BE3DF-A329-4E41-A9F0-2BD420066784}
		{BDF031B3-BE18-4258-9BC2-3CD8E66A6627} = {125BE3DF-A329-4E41-A9F0-2BD420066784}
		{B9BCBB75-6123-4103-A448-983781D7842E} = {08ABE52F-E783-4B9A-A534-35A7444AE30C}
		{9C4958CE-6321-4226-8059-6575CE9E3A97} = {8208C259-15CD-4C48-ACEB-71016812BA08}
		{08ABE52F-E783-4B9A-A534-35A7444AE30C} = {A676FF7C-5E21-4881-814F-0640CDD14D53}
		{5964F942-12CC-467E-A7A5-123E9C1DC60D} = {A676FF7C-5E21-4881-814F-0640CDD14D53}
		{8208C259-15CD-4C48-ACEB-71016812BA08} = {A676FF7C-5E21-4881-814F-0640CDD14D53}
		{39B3C551-F861-443C-B299-459E7DCEF54E} = {5964F942-12CC-467E-A7A5-123E9C1DC60D}
		{FF272685-EE77-4F38-8B82-A7E15A3949F5} = {08ABE52F-E783-4B9A-A534-35A7444AE30C}
		{722393C1-5ECA-41B6-8C42-3C76BCCA7DF2} = {08ABE52F-E783-4B9A-A534-35A7444AE30C}
		{A44F6583-AC17-451A-82B5-77AA8FE8FF49} = {8208C259-15CD-4C48-ACEB-71016812BA08}
	EndGlobalSection
	GlobalSection(ExtensibilityGlobals) = postSolution
		SolutionGuid = {B925B669-9CC4-4B2E-A8C9-55B2D9EAB477}
	EndGlobalSection
EndGlobal
